
Microsoft Visual Studio Solution File, Format Version 12.00
# Visual Studio Version 16
VisualStudioVersion = 16.0.30204.135
MinimumVisualStudioVersion = 10.0.40219.1
Project("{9A19103F-16F7-4668-BE54-9A1E7A4F7556}") = "DarkoverBuilder.UI", "DarkoverBuilder\DarkoverBuilder.UI.csproj", "{DA0B4D4C-A682-4460-ABD6-187B5474CB19}"
EndProject
Project("{9A19103F-16F7-4668-BE54-9A1E7A4F7556}") = "DarkoverBuilder.Model", "DarkoverBuilder.Model\DarkoverBuilder.Model.csproj", "{B42D4751-666F-478B-AD57-FA1A25ACFD82}"
EndProject
Project("{54435603-DBB4-11D2-8724-00A0C9A8B90C}") = "DarkoverBuilder.Installer", "DarkoverBuilder.Installer\DarkoverBuilder.Installer.vdproj", "{510B73E1-CAB4-4358-A8F6-DCD85A9EC6D3}"
EndProject
Global
	GlobalSection(SolutionConfigurationPlatforms) = preSolution
		Debug|Any CPU = Debug|Any CPU
		Release|Any CPU = Release|Any CPU
	EndGlobalSection
	GlobalSection(ProjectConfigurationPlatforms) = postSolution
		{DA0B4D4C-A682-4460-ABD6-187B5474CB19}.Debug|Any CPU.ActiveCfg = Debug|Any CPU
		{DA0B4D4C-A682-4460-ABD6-187B5474CB19}.Debug|Any CPU.Build.0 = Debug|Any CPU
		{DA0B4D4C-A682-4460-ABD6-187B5474CB19}.Release|Any CPU.ActiveCfg = Release|Any CPU
		{DA0B4D4C-A682-4460-ABD6-187B5474CB19}.Release|Any CPU.Build.0 = Release|Any CPU
		{B42D4751-666F-478B-AD57-FA1A25ACFD82}.Debug|Any CPU.ActiveCfg = Debug|Any CPU
		{B42D4751-666F-478B-AD57-FA1A25ACFD82}.Debug|Any CPU.Build.0 = Debug|Any CPU
		{B42D4751-666F-478B-AD57-FA1A25ACFD82}.Release|Any CPU.ActiveCfg = Release|Any CPU
		{B42D4751-666F-478B-AD57-FA1A25ACFD82}.Release|Any CPU.Build.0 = Release|Any CPU
		{510B73E1-CAB4-4358-A8F6-DCD85A9EC6D3}.Debug|Any CPU.ActiveCfg = Debug
		{510B73E1-CAB4-4358-A8F6-DCD85A9EC6D3}.Release|Any CPU.ActiveCfg = Release
	EndGlobalSection
	GlobalSection(SolutionProperties) = preSolution
		HideSolutionNode = FALSE
	EndGlobalSection
	GlobalSection(ExtensibilityGlobals) = postSolution
		SolutionGuid = {16CD7E82-EC29-4122-A5B8-01CC3DC2834B}
	EndGlobalSection
EndGlobal
